# This file is automatically @generated by Poetry 2.4.1 and should not be changed by hand.

[[package]]
name = "nodeenv"
version = "1.10.0"
description = "Node.js virtual environment builder"
optional = false
python-versions = "!=3.0.*,!=3.1.*,!=3.2.*,!=3.3.*,!=3.4.*,!=3.5.*,!=3.6.*,>=2.7"
groups = ["dev"]
files = [
    {file = "nodeenv-1.10.0-py2.py3-none-any.whl", hash = "sha256:5bb13e3eed2923615535339b3c620e76779af4cb4c6a90deccc9e36b274d3827"},
    {file = "nodeenv-1.10.0.tar.gz", hash = "sha256:996c191ad80897d076bdfba80a41994c2b47c68e224c542b48feba42ba00f8bb"},
]

[[package]]
name = "pyright"
version = "1.1.408"
description = "Command line wrapper for pyright"
optional = false
python-versions = ">=3.7"
groups = ["dev"]
files = [
    {file = "pyright-1.1.408-py3-none-any.whl", hash = "sha256:090b32865f4fdb1e0e6cd82bf5618480d48eecd2eb2e70f960982a3d9a4c17c1"},
    {file = "pyright-1.1.408.tar.gz", hash = "sha256:f28f2321f96852fa50b5829ea492f6adb0e6954568d1caa3f3af3a5f555eb684"},
]

[package.dependencies]
nodeenv = ">=1.6.0"
typing-extensions = ">=4.1"

[package.extras]
all = ["nodejs-wheel-binaries", "twine (>=3.4.1)"]
dev = ["twine (>=3.4.1)"]
nodejs = ["nodejs-wheel-binaries"]

[[package]]
name = "ruff"
version = "0.15.22"
description = "An extremely fast Python linter and code formatter, written in Rust."
optional = false
python-versions = ">=3.7"
groups = ["dev"]
files = [
    {file = "ruff-0.15.22-py3-none-linux_armv6l.whl", hash = "sha256:44423e73493737f5e7c5b41d475483898ff37afcdae38bc3da5085e29af1c2d8"},
    {file = "ruff-0.15.22-py3-none-macosx_10_12_x86_64.whl", hash = "sha256:b82c6482946e9eda7ff2e091d25b8bad3f718684e1916d41bd56873cee05b697"},
    {file = "ruff-0.15.22-py3-none-macosx_11_0_arm64.whl", hash = "sha256:11c1c715af53a09f714e011106bffc419751ec8232fcb5da42173284ea3fec6f"},
    {file = "ruff-0.15.22-py3-none-manylinux_2_17_aarch64.manylinux2014_aarch64.whl", hash = "sha256:742a29cf29bddb7c8327895d6a10e0e6c5b38a96dd407af9b5d0857f809c0576"},
    {file = "ruff-0.15.22-py3-none-manylinux_2_17_armv7l.manylinux2014_armv7l.whl", hash = "sha256:72af58b951b0ae395935ae79763dc349bc0eb706319d28f7a33ad2cfb3cfc178"},
    {file = "ruff-0.15.22-py3-none-manylinux_2_17_i686.manylinux2014_i686.whl", hash = "sha256:62d425005c1835eb24e2ee4161cb90e8db263415f4a71c8c72c33abaa6c0c224"},
    {file = "ruff-0.15.22-py3-none-manylinux_2_17_ppc64le.manylinux2014_ppc64le.whl", hash = "sha256:e8b9b3f8779a4f08c969defc3c8c35abffaa757e601ed5ae66d6d1db6519969a"},
    {file = "ruff-0.15.22-py3-none-manylinux_2_17_s390x.manylinux2014_s390x.whl", hash = "sha256:1e0dd1b2e4d3d585f897a0d137cbf4eaf6223bef4e8ce34d6bb12556c5f9249e"},
    {file = "ruff-0.15.22-py3-none-manylinux_2_17_x86_64.manylinux2014_x86_64.whl", hash = "sha256:365523eb91d9224e1bcb03b022fbf0facb8f9e23792a2c53d9d4b3924bdbdebb"},
    {file = "ruff-0.15.22-py3-none-manylinux_2_31_riscv64.whl", hash = "sha256:fabfd168afdf29fee5be98b831efa9683c94d7c5a3b58b9ce5a2e38444589a74"},
    {file = "ruff-0.15.22-py3-none-musllinux_1_2_aarch64.whl", hash = "sha256:225dbf095a87f1d9f90f5fd7924d2613ee452a75a4308c63a8f50f761787aa7c"},
    {file = "ruff-0.15.22-py3-none-musllinux_1_2_armv7l.whl", hash = "sha256:1877d63b9d24ed278744f1523fd11b85540566d54641f97c566d7d9dc5ca5296"},
    {file = "ruff-0.15.22-py3-none-musllinux_1_2_i686.whl", hash = "sha256:a1606c510bd7215680d32efab38965f7cdec3ef69f5170a3f4791404ffdd5262"},
    {file = "ruff-0.15.22-py3-none-musllinux_1_2_x86_64.whl", hash = "sha256:630479b18625f5ffc373f77603a22a9f8ac0acd7ff0501178b5db28ec71e9c64"},
    {file = "ruff-0.15.22-py3-none-win32.whl", hash = "sha256:e5ba0e4a13fd14abbed2a77b517a3911290c6c6c59ef67784328d1668fab76cf"},
    {file = "ruff-0.15.22-py3-none-win_amd64.whl", hash = "sha256:9be63ba1eb936acd2d1342fb8337c356353706fce233b2a15a09a97037e6acde"},
    {file = "ruff-0.15.22-py3-none-win_arm64.whl", hash = "sha256:e1168075b72158510839f250027659cdd78476f40507dd517892304c41318661"},
    {file = "ruff-0.15.22.tar.gz", hash = "sha256:3f15175b1fb580126f58285a5dae6b2ea89000136d980c64499211f116b54809"},
]

[[package]]
name = "typing-extensions"
version = "4.15.0"
description = "Backported and Experimental Type Hints for Python 3.9+"
optional = false
python-versions = ">=3.9"
groups = ["dev"]
files = [
    {file = "typing_extensions-4.15.0-py3-none-any.whl", hash = "sha256:f0fa19c6845758ab08074a0cfa8b7aecb71c999ca73d62883bc25cc018c4e548"},
    {file = "typing_extensions-4.15.0.tar.gz", hash = "sha256:0cea48d173cc12fa28ecabc3b837ea3cf6f38c6d1136f85cbaaf598984861466"},
]

[metadata]
lock-version = "2.1"
python-versions = ">=3.14.0, <3.15.0"
content-hash = "9201cf27890462a13b17a20ef6c295dee8eb060f081134b9dfe204a19902c90b"
